
Microsoft Visual Studio Solution File, Format Version 12.00
# Visual Studio Version 17
VisualStudioVersion = 17.4.33213.308
MinimumVisualStudioVersion = 10.0.40219.1
Project("{FAE04EC0-301F-11D3-BF4B-00C04F79EFBC}") = "NumberGuessingGame", "NumberGuessingGame.csproj", "{5089FB81-3E76-4535-B8BA-8258BD9C5242}"
EndProject
Global
	GlobalSection(SolutionConfigurationPlatforms) = preSolution
		Debug|Any CPU = Debug|Any CPU
		Release|Any CPU = Release|Any CPU
	EndGlobalSection
	GlobalSection(ProjectConfigurationPlatforms) = postSolution
		{5089FB81-3E76-4535-B8BA-8258BD9C5242}.Debug|Any CPU.ActiveCfg = Debug|Any CPU
		{5089FB81-3E76-4535-B8BA-8258BD9C5242}.Debug|Any CPU.Build.0 = Debug|Any CPU
		{5089FB81-3E76-4535-B8BA-8258BD9C5242}.Release|Any CPU.ActiveCfg = Release|Any CPU
		{5089FB81-3E76-4535-B8BA-8258BD9C5242}.Release|Any CPU.Build.0 = Release|Any CPU
	EndGlobalSection
	GlobalSection(SolutionProperties) = preSolution
		HideSolutionNode = FALSE
	EndGlobalSection
	GlobalSection(ExtensibilityGlobals) = postSolution
		SolutionGuid = {260F3E7B-0410-405D-B9A1-B421C962A72A}
	EndGlobalSection
EndGlobal
